
Microsoft Visual Studio Solution File, Format Version 12.00
# Visual Studio 15
VisualStudioVersion = 15.0.28307.539
MinimumVisualStudioVersion = 10.0.40219.1
Project("{FAE04EC0-301F-11D3-BF4B-00C04F79EFBC}") = "ASP.NETLab", "ASP.NETLab\ASP.NETLab.csproj", "{1926C73C-9947-4CE0-B14B-68FDF713CEF4}"
EndProject
Project("{FAE04EC0-301F-11D3-BF4B-00C04F79EFBC}") = "ApplicationErrorDemo", "ApplicationErrorDemo\ApplicationErrorDemo.csproj", "{7C7F9D8D-D05B-4B36-B894-91C21C3186F0}"
EndProject
Global
	GlobalSection(SolutionConfigurationPlatforms) = preSolution
		Debug|Any CPU = Debug|Any CPU
		Release|Any CPU = Release|Any CPU
	EndGlobalSection
	GlobalSection(ProjectConfigurationPlatforms) = postSolution
		{1926C73C-9947-4CE0-B14B-68FDF713CEF4}.Debug|Any CPU.ActiveCfg = Debug|Any CPU
		{1926C73C-9947-4CE0-B14B-68FDF713CEF4}.Debug|Any CPU.Build.0 = Debug|Any CPU
		{1926C73C-9947-4CE0-B14B-68FDF713CEF4}.Release|Any CPU.ActiveCfg = Release|Any CPU
		{1926C73C-9947-4CE0-B14B-68FDF713CEF4}.Release|Any CPU.Build.0 = Release|Any CPU
		{7C7F9D8D-D05B-4B36-B894-91C21C3186F0}.Debug|Any CPU.ActiveCfg = Debug|Any CPU
		{7C7F9D8D-D05B-4B36-B894-91C21C3186F0}.Debug|Any CPU.Build.0 = Debug|Any CPU
		{7C7F9D8D-D05B-4B36-B894-91C21C3186F0}.Release|Any CPU.ActiveCfg = Release|Any CPU
		{7C7F9D8D-D05B-4B36-B894-91C21C3186F0}.Release|Any CPU.Build.0 = Release|Any CPU
	EndGlobalSection
	GlobalSection(SolutionProperties) = preSolution
		HideSolutionNode = FALSE
	EndGlobalSection
	GlobalSection(ExtensibilityGlobals) = postSolution
		SolutionGuid = {9549B4B7-DB76-4BD8-BD80-7AF58F998E8D}
	EndGlobalSection
EndGlobal
